
Microsoft Visual Studio Solution File, Format Version 12.00
# Visual Studio Version 17
VisualStudioVersion = 17.7.34024.191
MinimumVisualStudioVersion = 10.0.40219.1
Project("{FAE04EC0-301F-11D3-BF4B-00C04F79EFBC}") = "BusinessObjects", "BusinessObjects\BusinessObjects.csproj", "{0F8840C1-9EF9-487C-AFAC-3CF08248441D}"
EndProject
Project("{FAE04EC0-301F-11D3-BF4B-00C04F79EFBC}") = "API", "API\API.csproj", "{4B49F572-CFC9-4CBE-BCDC-E8ED388DBF73}"
EndProject
Project("{FAE04EC0-301F-11D3-BF4B-00C04F79EFBC}") = "DAO", "DAO\DAO.csproj", "{9822EF4A-B9B8-4BAE-86B8-85CC7F17A5FE}"
EndProject
Global
	GlobalSection(SolutionConfigurationPlatforms) = preSolution
		Debug|Any CPU = Debug|Any CPU
		Release|Any CPU = Release|Any CPU
	EndGlobalSection
	GlobalSection(ProjectConfigurationPlatforms) = postSolution
		{0F8840C1-9EF9-487C-AFAC-3CF08248441D}.Debug|Any CPU.ActiveCfg = Debug|Any CPU
		{0F8840C1-9EF9-487C-AFAC-3CF08248441D}.Debug|Any CPU.Build.0 = Debug|Any CPU
		{0F8840C1-9EF9-487C-AFAC-3CF08248441D}.Release|Any CPU.ActiveCfg = Release|Any CPU
		{0F8840C1-9EF9-487C-AFAC-3CF08248441D}.Release|Any CPU.Build.0 = Release|Any CPU
		{4B49F572-CFC9-4CBE-BCDC-E8ED388DBF73}.Debug|Any CPU.ActiveCfg = Debug|Any CPU
		{4B49F572-CFC9-4CBE-BCDC-E8ED388DBF73}.Debug|Any CPU.Build.0 = Debug|Any CPU
		{4B49F572-CFC9-4CBE-BCDC-E8ED388DBF73}.Release|Any CPU.ActiveCfg = Release|Any CPU
		{4B49F572-CFC9-4CBE-BCDC-E8ED388DBF73}.Release|Any CPU.Build.0 = Release|Any CPU
		{9822EF4A-B9B8-4BAE-86B8-85CC7F17A5FE}.Debug|Any CPU.ActiveCfg = Debug|Any CPU
		{9822EF4A-B9B8-4BAE-86B8-85CC7F17A5FE}.Debug|Any CPU.Build.0 = Debug|Any CPU
		{9822EF4A-B9B8-4BAE-86B8-85CC7F17A5FE}.Release|Any CPU.ActiveCfg = Release|Any CPU
		{9822EF4A-B9B8-4BAE-86B8-85CC7F17A5FE}.Release|Any CPU.Build.0 = Release|Any CPU
	EndGlobalSection
	GlobalSection(SolutionProperties) = preSolution
		HideSolutionNode = FALSE
	EndGlobalSection
	GlobalSection(ExtensibilityGlobals) = postSolution
		SolutionGuid = {94C077CE-48DC-4A5E-9967-CE89C5154B9A}
	EndGlobalSection
EndGlobal
